
Microsoft Visual Studio Solution File, Format Version 12.00
# Visual Studio 15
VisualStudioVersion = 15.0.27428.2037
MinimumVisualStudioVersion = 10.0.40219.1
Project("{FAE04EC0-301F-11D3-BF4B-00C04F79EFBC}") = "DBMS", "DBMS\DBMS.csproj", "{21842919-E9CF-4E8E-98CD-D9125D9B49CD}"
EndProject
Project("{FAE04EC0-301F-11D3-BF4B-00C04F79EFBC}") = "DBMSTests", "DBMSTests\DBMSTests.csproj", "{FB7D40E9-9AF6-4537-AD22-FC2BA4495257}"
EndProject
Project("{FAE04EC0-301F-11D3-BF4B-00C04F79EFBC}") = "WebApplication", "WebApplication1\WebApplication.csproj", "{84B2983F-750C-4C60-9B66-58995B2B7AF3}"
EndProject
Global
	GlobalSection(SolutionConfigurationPlatforms) = preSolution
		Debug|Any CPU = Debug|Any CPU
		Release|Any CPU = Release|Any CPU
	EndGlobalSection
	GlobalSection(ProjectConfigurationPlatforms) = postSolution
		{21842919-E9CF-4E8E-98CD-D9125D9B49CD}.Debug|Any CPU.ActiveCfg = Debug|Any CPU
		{21842919-E9CF-4E8E-98CD-D9125D9B49CD}.Debug|Any CPU.Build.0 = Debug|Any CPU
		{21842919-E9CF-4E8E-98CD-D9125D9B49CD}.Release|Any CPU.ActiveCfg = Release|Any CPU
		{21842919-E9CF-4E8E-98CD-D9125D9B49CD}.Release|Any CPU.Build.0 = Release|Any CPU
		{FB7D40E9-9AF6-4537-AD22-FC2BA4495257}.Debug|Any CPU.ActiveCfg = Debug|Any CPU
		{FB7D40E9-9AF6-4537-AD22-FC2BA4495257}.Debug|Any CPU.Build.0 = Debug|Any CPU
		{FB7D40E9-9AF6-4537-AD22-FC2BA4495257}.Release|Any CPU.ActiveCfg = Release|Any CPU
		{FB7D40E9-9AF6-4537-AD22-FC2BA4495257}.Release|Any CPU.Build.0 = Release|Any CPU
		{84B2983F-750C-4C60-9B66-58995B2B7AF3}.Debug|Any CPU.ActiveCfg = Debug|Any CPU
		{84B2983F-750C-4C60-9B66-58995B2B7AF3}.Debug|Any CPU.Build.0 = Debug|Any CPU
		{84B2983F-750C-4C60-9B66-58995B2B7AF3}.Release|Any CPU.ActiveCfg = Release|Any CPU
		{84B2983F-750C-4C60-9B66-58995B2B7AF3}.Release|Any CPU.Build.0 = Release|Any CPU
	EndGlobalSection
	GlobalSection(SolutionProperties) = preSolution
		HideSolutionNode = FALSE
	EndGlobalSection
	GlobalSection(ExtensibilityGlobals) = postSolution
		SolutionGuid = {4C2B6C9D-E1EB-4D06-A837-B85C26BEFC32}
	EndGlobalSection
EndGlobal
